
Microsoft Visual Studio Solution File, Format Version 12.00
# Visual Studio 2013
VisualStudioVersion = 12.0.30723.0
MinimumVisualStudioVersion = 10.0.40219.1
Project("{888888A0-9F3D-457C-B088-3A5042F75D52}") = "Webdj", "Webdj\Webdj.pyproj", "{642199AA-7B99-48E7-8106-0837504F74BB}"
EndProject
Global
	GlobalSection(SolutionConfigurationPlatforms) = preSolution
		Debug|Any CPU = Debug|Any CPU
		Release|Any CPU = Release|Any CPU
	EndGlobalSection
	GlobalSection(ProjectConfigurationPlatforms) = postSolution
		{642199AA-7B99-48E7-8106-0837504F74BB}.Debug|Any CPU.ActiveCfg = Debug|Any CPU
		{642199AA-7B99-48E7-8106-0837504F74BB}.Debug|Any CPU.Build.0 = Debug|Any CPU
		{642199AA-7B99-48E7-8106-0837504F74BB}.Release|Any CPU.ActiveCfg = Release|Any CPU
		{642199AA-7B99-48E7-8106-0837504F74BB}.Release|Any CPU.Build.0 = Release|Any CPU
	EndGlobalSection
	GlobalSection(SolutionProperties) = preSolution
		HideSolutionNode = FALSE
	EndGlobalSection
EndGlobal
